
Microsoft Visual Studio Solution File, Format Version 12.00
# Visual Studio Version 17
VisualStudioVersion = 17.10.35013.160
MinimumVisualStudioVersion = 10.0.40219.1
Project("{8BC9CEB8-8B4A-11D0-8D11-00A0C91BC942}") = "ConsoleApplication8", "ConsoleApplication8\ConsoleApplication8.vcxproj", "{CB6302B5-50F5-4DA1-B15F-60560777269A}"
EndProject
Global
	GlobalSection(SolutionConfigurationPlatforms) = preSolution
		Debug|x64 = Debug|x64
		Debug|x86 = Debug|x86
		Release|x64 = Release|x64
		Release|x86 = Release|x86
	EndGlobalSection
	GlobalSection(ProjectConfigurationPlatforms) = postSolution
		{CB6302B5-50F5-4DA1-B15F-60560777269A}.Debug|x64.ActiveCfg = Debug|x64
		{CB6302B5-50F5-4DA1-B15F-60560777269A}.Debug|x64.Build.0 = Debug|x64
		{CB6302B5-50F5-4DA1-B15F-60560777269A}.Debug|x86.ActiveCfg = Debug|Win32
		{CB6302B5-50F5-4DA1-B15F-60560777269A}.Debug|x86.Build.0 = Debug|Win32
		{CB6302B5-50F5-4DA1-B15F-60560777269A}.Release|x64.ActiveCfg = Release|x64
		{CB6302B5-50F5-4DA1-B15F-60560777269A}.Release|x64.Build.0 = Release|x64
		{CB6302B5-50F5-4DA1-B15F-60560777269A}.Release|x86.ActiveCfg = Release|Win32
		{CB6302B5-50F5-4DA1-B15F-60560777269A}.Release|x86.Build.0 = Release|Win32
	EndGlobalSection
	GlobalSection(SolutionProperties) = preSolution
		HideSolutionNode = FALSE
	EndGlobalSection
	GlobalSection(ExtensibilityGlobals) = postSolution
		SolutionGuid = {6E080408-F388-4486-8806-402D02A26DC6}
	EndGlobalSection
EndGlobal
